// !$*UTF8*$!
{
	archiveVersion = 1;
	classes = {
	};
	objectVersion = 77;
	objects = {

/* Begin PBXBuildFile section */
		4235039A2E9327DF00E01074 /* WidgetKit.framework in Frameworks */ = {isa = PBXBuildFile; fileRef = 4298A9EF2E43B72D00419E3D /* WidgetKit.framework */; };
		4235039B2E9327DF00E01074 /* SwiftUI.framework in Frameworks */ = {isa = PBXBuildFile; fileRef = 4298A9F12E43B72D00419E3D /* SwiftUI.framework */; };
		423503AC2E9327E100E01074 /* MovowidgetsExtension.appex in Embed Foundation Extensions */ = {isa = PBXBuildFile; fileRef = 423503992E9327DE00E01074 /* MovowidgetsExtension.appex */; settings = {ATTRIBUTES = (RemoveHeadersOnCopy, ); }; };
		423504D12E9329CF00E01074 /* SharedStepsStore1.swift in Sources */ = {isa = PBXBuildFile; fileRef = 423503B22E93293F00E01074 /* SharedStepsStore1.swift */; };
		423504D22E9329CF00E01074 /* SharedStepsStore1.swift in Sources */ = {isa = PBXBuildFile; fileRef = 423503B22E93293F00E01074 /* SharedStepsStore1.swift */; };
		42438DA12E9B005A002F6906 /* FirebaseStorage in Frameworks */ = {isa = PBXBuildFile; productRef = 42438DA02E9B005A002F6906 /* FirebaseStorage */; };
		42438E992E9EF0E2002F6906 /* SharedUnitPrefs.swift in Sources */ = {isa = PBXBuildFile; fileRef = 42438E982E9EF0E2002F6906 /* SharedUnitPrefs.swift */; };
		42438E9A2E9EF0E2002F6906 /* SharedUnitPrefs.swift in Sources */ = {isa = PBXBuildFile; fileRef = 42438E982E9EF0E2002F6906 /* SharedUnitPrefs.swift */; };
		42438F932E9EF243002F6906 /* SharedUnitPrefs.swift in Sources */ = {isa = PBXBuildFile; fileRef = 42438E982E9EF0E2002F6906 /* SharedUnitPrefs.swift */; };
		4244B9252EAACB2E00F087FC /* GoogleSignIn in Frameworks */ = {isa = PBXBuildFile; productRef = 4244B9242EAACB2E00F087FC /* GoogleSignIn */; };
		4244B9272EAACB2E00F087FC /* GoogleSignInSwift in Frameworks */ = {isa = PBXBuildFile; productRef = 4244B9262EAACB2E00F087FC /* GoogleSignInSwift */; };
		424BBC0F2E42524200E9DE69 /* FirebaseAnalytics in Frameworks */ = {isa = PBXBuildFile; productRef = 424BBC0E2E42524200E9DE69 /* FirebaseAnalytics */; };
		424BBC112E42524200E9DE69 /* FirebaseAuth in Frameworks */ = {isa = PBXBuildFile; productRef = 424BBC102E42524200E9DE69 /* FirebaseAuth */; };
		424BBC132E42524200E9DE69 /* FirebaseDatabase in Frameworks */ = {isa = PBXBuildFile; productRef = 424BBC122E42524200E9DE69 /* FirebaseDatabase */; };
		42579C0D2F0956DF0038CF04 /* HeatmapShared.swift in Sources */ = {isa = PBXBuildFile; fileRef = 42579C0C2F0956DF0038CF04 /* HeatmapShared.swift */; };
		42579C122F095A650038CF04 /* HeatmapShared.swift in Sources */ = {isa = PBXBuildFile; fileRef = 42579C0C2F0956DF0038CF04 /* HeatmapShared.swift */; };
		426091EF2EFE0CE5000EAFB9 /* ActiveWorkoutPayload.swift in Sources */ = {isa = PBXBuildFile; fileRef = 426091EE2EFE0CE5000EAFB9 /* ActiveWorkoutPayload.swift */; };
		426093262EFE0FE9000EAFB9 /* ActiveWorkoutPayload.swift in Sources */ = {isa = PBXBuildFile; fileRef = 426091EE2EFE0CE5000EAFB9 /* ActiveWorkoutPayload.swift */; };
		428F81282F02DF300081CCAD /* DesignTokens.swift in Sources */ = {isa = PBXBuildFile; fileRef = 428F81272F02DF300081CCAD /* DesignTokens.swift */; };
		428F81292F02DF300081CCAD /* DesignTokens.swift in Sources */ = {isa = PBXBuildFile; fileRef = 428F81272F02DF300081CCAD /* DesignTokens.swift */; };
		428F812A2F02DF300081CCAD /* DesignTokens.swift in Sources */ = {isa = PBXBuildFile; fileRef = 428F81272F02DF300081CCAD /* DesignTokens.swift */; };
		428F812C2F02DF340081CCAD /* View+AppElevatedCard.swift in Sources */ = {isa = PBXBuildFile; fileRef = 428F812B2F02DF340081CCAD /* View+AppElevatedCard.swift */; };
		428F812D2F02DF340081CCAD /* View+AppElevatedCard.swift in Sources */ = {isa = PBXBuildFile; fileRef = 428F812B2F02DF340081CCAD /* View+AppElevatedCard.swift */; };
		428F812E2F02DF340081CCAD /* View+AppElevatedCard.swift in Sources */ = {isa = PBXBuildFile; fileRef = 428F812B2F02DF340081CCAD /* View+AppElevatedCard.swift */; };
		428F81302F02DF350081CCAD /* Constants.swift in Sources */ = {isa = PBXBuildFile; fileRef = 428F812F2F02DF350081CCAD /* Constants.swift */; };
		428F81312F02DF350081CCAD /* Constants.swift in Sources */ = {isa = PBXBuildFile; fileRef = 428F812F2F02DF350081CCAD /* Constants.swift */; };
		428F81322F02DF350081CCAD /* Constants.swift in Sources */ = {isa = PBXBuildFile; fileRef = 428F812F2F02DF350081CCAD /* Constants.swift */; };
		428F81342F02DF360081CCAD /* ChallengeStore.swift in Sources */ = {isa = PBXBuildFile; fileRef = 428F81332F02DF360081CCAD /* ChallengeStore.swift */; };
		428F81352F02DF360081CCAD /* ChallengeStore.swift in Sources */ = {isa = PBXBuildFile; fileRef = 428F81332F02DF360081CCAD /* ChallengeStore.swift */; };
		428F81362F02DF360081CCAD /* ChallengeStore.swift in Sources */ = {isa = PBXBuildFile; fileRef = 428F81332F02DF360081CCAD /* ChallengeStore.swift */; };
		4298AA4A2E43BB0D00419E3D /* WidgetKit.framework in Frameworks */ = {isa = PBXBuildFile; fileRef = 4298A9EF2E43B72D00419E3D /* WidgetKit.framework */; };
		4298AA4B2E43BB0D00419E3D /* SwiftUI.framework in Frameworks */ = {isa = PBXBuildFile; fileRef = 4298A9F12E43B72D00419E3D /* SwiftUI.framework */; };
		4298AA5C2E43BB1000419E3D /* MovoLiveActivityExtension.appex in Embed Foundation Extensions */ = {isa = PBXBuildFile; fileRef = 4298AA492E43BB0D00419E3D /* MovoLiveActivityExtension.appex */; settings = {ATTRIBUTES = (RemoveHeadersOnCopy, ); }; };
		42C2CE522E97FCA8002DCFEB /* FirebaseFirestore in Frameworks */ = {isa = PBXBuildFile; productRef = 42C2CE512E97FCA8002DCFEB /* FirebaseFirestore */; };
		42C2D03E2E981854002DCFEB /* FirebaseFirestoreCombine-Community in Frameworks */ = {isa = PBXBuildFile; productRef = 42C2D03D2E981854002DCFEB /* FirebaseFirestoreCombine-Community */; };
		42CD1BAD2EF3524700DA1094 /* StoreKit.framework in Frameworks */ = {isa = PBXBuildFile; fileRef = 42CD1BAC2EF3524700DA1094 /* StoreKit.framework */; };
		42E4D5FE2F350FA600B1A71D /* FirebaseMessaging in Frameworks */ = {isa = PBXBuildFile; productRef = 42E4D5FD2F350FA600B1A71D /* FirebaseMessaging */; };
		42E6FB192E8C467D0079E384 /* DotLottie in Frameworks */ = {isa = PBXBuildFile; productRef = 42E6FB182E8C467D0079E384 /* DotLottie */; };
		42E9ECFA2F300E9500959C4A /* RevenueCat in Frameworks */ = {isa = PBXBuildFile; productRef = 42E9ECF92F300E9500959C4A /* RevenueCat */; };
		42E9ECFC2F300E9500959C4A /* RevenueCatUI in Frameworks */ = {isa = PBXBuildFile; productRef = 42E9ECFB2F300E9500959C4A /* RevenueCatUI */; };
		42F0A0012F45AA0100C0D3C1 /* PostHog in Frameworks */ = {isa = PBXBuildFile; productRef = 42F0A0002F45AA0100C0D3C1 /* PostHog */; };
		42FB42B82EFDF6A70002B0B2 /* MovoWatch Watch App.app in Embed Watch Content */ = {isa = PBXBuildFile; fileRef = 42FB42AE2EFDF6A50002B0B2 /* MovoWatch Watch App.app */; settings = {ATTRIBUTES = (RemoveHeadersOnCopy, ); }; };
/* End PBXBuildFile section */

/* Begin PBXContainerItemProxy section */
		423503AA2E9327E100E01074 /* PBXContainerItemProxy */ = {
			isa = PBXContainerItemProxy;
			containerPortal = 429834212E3D700400FCD845 /* Project object */;
			proxyType = 1;
			remoteGlobalIDString = 423503982E9327DE00E01074;
			remoteInfo = MovowidgetsExtension;
		};
		429834372E3D700600FCD845 /* PBXContainerItemProxy */ = {
			isa = PBXContainerItemProxy;
			containerPortal = 429834212E3D700400FCD845 /* Project object */;
			proxyType = 1;
			remoteGlobalIDString = 429834282E3D700400FCD845;
			remoteInfo = Movo;
		};
		429834412E3D700600FCD845 /* PBXContainerItemProxy */ = {
			isa = PBXContainerItemProxy;
			containerPortal = 429834212E3D700400FCD845 /* Project object */;
			proxyType = 1;
			remoteGlobalIDString = 429834282E3D700400FCD845;
			remoteInfo = Movo;
		};
		4298AA5A2E43BB1000419E3D /* PBXContainerItemProxy */ = {
			isa = PBXContainerItemProxy;
			containerPortal = 429834212E3D700400FCD845 /* Project object */;
			proxyType = 1;
			remoteGlobalIDString = 4298AA482E43BB0D00419E3D;
			remoteInfo = MovoLiveActivityExtension;
		};
		42FB42B62EFDF6A70002B0B2 /* PBXContainerItemProxy */ = {
			isa = PBXContainerItemProxy;
			containerPortal = 429834212E3D700400FCD845 /* Project object */;
			proxyType = 1;
			remoteGlobalIDString = 42FB42AD2EFDF6A50002B0B2;
			remoteInfo = "MovoWatch Watch App";
		};
/* End PBXContainerItemProxy section */

/* Begin PBXCopyFilesBuildPhase section */
		4298AA082E43B72F00419E3D /* Embed Foundation Extensions */ = {
			isa = PBXCopyFilesBuildPhase;
			buildActionMask = 2147483647;
			dstPath = "";
			dstSubfolderSpec = 13;
			files = (
				4298AA5C2E43BB1000419E3D /* MovoLiveActivityExtension.appex in Embed Foundation Extensions */,
				423503AC2E9327E100E01074 /* MovowidgetsExtension.appex in Embed Foundation Extensions */,
			);
			name = "Embed Foundation Extensions";
			runOnlyForDeploymentPostprocessing = 0;
		};
		42FB42B92EFDF6A70002B0B2 /* Embed Watch Content */ = {
			isa = PBXCopyFilesBuildPhase;
			buildActionMask = 2147483647;
			dstPath = "$(CONTENTS_FOLDER_PATH)/Watch";
			dstSubfolderSpec = 16;
			files = (
				42FB42B82EFDF6A70002B0B2 /* MovoWatch Watch App.app in Embed Watch Content */,
			);
			name = "Embed Watch Content";
			runOnlyForDeploymentPostprocessing = 0;
		};
/* End PBXCopyFilesBuildPhase section */

/* Begin PBXFileReference section */
		423503992E9327DE00E01074 /* MovowidgetsExtension.appex */ = {isa = PBXFileReference; explicitFileType = "wrapper.app-extension"; includeInIndex = 0; path = MovowidgetsExtension.appex; sourceTree = BUILT_PRODUCTS_DIR; };
		423503B12E9328BA00E01074 /* MovowidgetsExtension.entitlements */ = {isa = PBXFileReference; lastKnownFileType = text.plist.entitlements; path = MovowidgetsExtension.entitlements; sourceTree = "<group>"; };
		423503B22E93293F00E01074 /* SharedStepsStore1.swift */ = {isa = PBXFileReference; lastKnownFileType = sourcecode.swift; path = SharedStepsStore1.swift; sourceTree = "<group>"; usesTabs = 0; };
		42438E982E9EF0E2002F6906 /* SharedUnitPrefs.swift */ = {isa = PBXFileReference; lastKnownFileType = sourcecode.swift; path = SharedUnitPrefs.swift; sourceTree = "<group>"; };
		42579C0C2F0956DF0038CF04 /* HeatmapShared.swift */ = {isa = PBXFileReference; lastKnownFileType = sourcecode.swift; path = HeatmapShared.swift; sourceTree = "<group>"; };
		426091EE2EFE0CE5000EAFB9 /* ActiveWorkoutPayload.swift */ = {isa = PBXFileReference; lastKnownFileType = sourcecode.swift; path = ActiveWorkoutPayload.swift; sourceTree = "<group>"; };
		428F81272F02DF300081CCAD /* DesignTokens.swift */ = {isa = PBXFileReference; lastKnownFileType = sourcecode.swift; path = DesignTokens.swift; sourceTree = "<group>"; };
		428F812B2F02DF340081CCAD /* View+AppElevatedCard.swift */ = {isa = PBXFileReference; lastKnownFileType = sourcecode.swift; path = "View+AppElevatedCard.swift"; sourceTree = "<group>"; };
		428F812F2F02DF350081CCAD /* Constants.swift */ = {isa = PBXFileReference; lastKnownFileType = sourcecode.swift; path = Constants.swift; sourceTree = "<group>"; };
		428F81332F02DF360081CCAD /* ChallengeStore.swift */ = {isa = PBXFileReference; lastKnownFileType = sourcecode.swift; path = ChallengeStore.swift; sourceTree = "<group>"; };
		429834292E3D700400FCD845 /* Movo.app */ = {isa = PBXFileReference; explicitFileType = wrapper.application; includeInIndex = 0; path = Movo.app; sourceTree = BUILT_PRODUCTS_DIR; };
		429834362E3D700600FCD845 /* MovoTests.xctest */ = {isa = PBXFileReference; explicitFileType = wrapper.cfbundle; includeInIndex = 0; path = MovoTests.xctest; sourceTree = BUILT_PRODUCTS_DIR; };
		429834402E3D700600FCD845 /* MovoUITests.xctest */ = {isa = PBXFileReference; explicitFileType = wrapper.cfbundle; includeInIndex = 0; path = MovoUITests.xctest; sourceTree = BUILT_PRODUCTS_DIR; };
		4298344A2F56A00100C0D3C1 /* Movo/Config.xcconfig */ = {isa = PBXFileReference; lastKnownFileType = text.xcconfig; path = Movo/Config.xcconfig; sourceTree = "<group>"; };
		4298A9EF2E43B72D00419E3D /* WidgetKit.framework */ = {isa = PBXFileReference; lastKnownFileType = wrapper.framework; name = WidgetKit.framework; path = System/Library/Frameworks/WidgetKit.framework; sourceTree = SDKROOT; };
		4298A9F12E43B72D00419E3D /* SwiftUI.framework */ = {isa = PBXFileReference; lastKnownFileType = wrapper.framework; name = SwiftUI.framework; path = System/Library/Frameworks/SwiftUI.framework; sourceTree = SDKROOT; };
		4298AA492E43BB0D00419E3D /* MovoLiveActivityExtension.appex */ = {isa = PBXFileReference; explicitFileType = "wrapper.app-extension"; includeInIndex = 0; path = MovoLiveActivityExtension.appex; sourceTree = BUILT_PRODUCTS_DIR; };
		4298AAC22E44181500419E3D /* MovoLiveActivityExtension.entitlements */ = {isa = PBXFileReference; lastKnownFileType = text.plist.entitlements; path = MovoLiveActivityExtension.entitlements; sourceTree = "<group>"; };
		42CD1BAC2EF3524700DA1094 /* StoreKit.framework */ = {isa = PBXFileReference; lastKnownFileType = wrapper.framework; name = StoreKit.framework; path = System/Library/Frameworks/StoreKit.framework; sourceTree = SDKROOT; };
		42FB42AE2EFDF6A50002B0B2 /* MovoWatch Watch App.app */ = {isa = PBXFileReference; explicitFileType = wrapper.application; includeInIndex = 0; path = "MovoWatch Watch App.app"; sourceTree = BUILT_PRODUCTS_DIR; };
/* End PBXFileReference section */

/* Begin PBXFileSystemSynchronizedBuildFileExceptionSet section */
		423503B02E9327E100E01074 /* Exceptions for "Movowidgets" folder in "MovowidgetsExtension" target */ = {
			isa = PBXFileSystemSynchronizedBuildFileExceptionSet;
			membershipExceptions = (
				Info.plist,
			);
			target = 423503982E9327DE00E01074 /* MovowidgetsExtension */;
		};
		42776E6B2F04B82F00B0D960 /* Exceptions for "MovoWatch Watch App" folder in "MovoWatch Watch App" target */ = {
			isa = PBXFileSystemSynchronizedBuildFileExceptionSet;
			membershipExceptions = (
				info.plist,
			);
			target = 42FB42AD2EFDF6A50002B0B2 /* MovoWatch Watch App */;
		};
		4298AA5D2E43BB1000419E3D /* Exceptions for "MovoLiveActivity" folder in "MovoLiveActivityExtension" target */ = {
			isa = PBXFileSystemSynchronizedBuildFileExceptionSet;
			membershipExceptions = (
				Info.plist,
			);
			target = 4298AA482E43BB0D00419E3D /* MovoLiveActivityExtension */;
		};
		4298AA6A2E43BD1800419E3D /* Exceptions for "MovoLiveActivity" folder in "Movo" target */ = {
			isa = PBXFileSystemSynchronizedBuildFileExceptionSet;
			membershipExceptions = (
				MovoLiveActivity.swift,
				WorkoutActivityAttributes.swift,
			);
			target = 429834282E3D700400FCD845 /* Movo */;
		};
		4298AA6B2E43BD1800419E3D /* Exceptions for "MovoLiveActivity" folder in "MovoTests" target */ = {
			isa = PBXFileSystemSynchronizedBuildFileExceptionSet;
			membershipExceptions = (
				WorkoutActivityAttributes.swift,
			);
			target = 429834352E3D700600FCD845 /* MovoTests */;
		};
		4298AA6C2E43BD1800419E3D /* Exceptions for "MovoLiveActivity" folder in "MovoUITests" target */ = {
			isa = PBXFileSystemSynchronizedBuildFileExceptionSet;
			membershipExceptions = (
				WorkoutActivityAttributes.swift,
			);
			target = 4298343F2E3D700600FCD845 /* MovoUITests */;
		};
		4298AA6E2E440F8C00419E3D /* Exceptions for "Movo" folder in "Movo" target */ = {
			isa = PBXFileSystemSynchronizedBuildFileExceptionSet;
			membershipExceptions = (
				.swift,
				ExerciseMedia.bundle,
				Info.plist,
			);
			target = 429834282E3D700400FCD845 /* Movo */;
		};
		42CD20552EF4B8B700DA1094 /* Exceptions for "Movo" folder in "MovoTests" target */ = {
			isa = PBXFileSystemSynchronizedBuildFileExceptionSet;
			membershipExceptions = (
				"Movo - Gym Tracker & Planner.storekit",
			);
			target = 429834352E3D700600FCD845 /* MovoTests */;
		};
		42CD20562EF4B8B700DA1094 /* Exceptions for "Movo" folder in "MovoUITests" target */ = {
			isa = PBXFileSystemSynchronizedBuildFileExceptionSet;
			membershipExceptions = (
				"Movo - Gym Tracker & Planner.storekit",
			);
			target = 4298343F2E3D700600FCD845 /* MovoUITests */;
		};
		42CD20572EF4B8B700DA1094 /* Exceptions for "Movo" folder in "MovoLiveActivityExtension" target */ = {
			isa = PBXFileSystemSynchronizedBuildFileExceptionSet;
			membershipExceptions = (
				"Movo - Gym Tracker & Planner.storekit",
				WeightUnit.swift,
			);
			target = 4298AA482E43BB0D00419E3D /* MovoLiveActivityExtension */;
		};
		42CD20582EF4B8B700DA1094 /* Exceptions for "Movo" folder in "MovowidgetsExtension" target */ = {
			isa = PBXFileSystemSynchronizedBuildFileExceptionSet;
			membershipExceptions = (
				"Movo - Gym Tracker & Planner.storekit",
				WeightUnit.swift,
			);
			target = 423503982E9327DE00E01074 /* MovowidgetsExtension */;
		};
/* End PBXFileSystemSynchronizedBuildFileExceptionSet section */

/* Begin PBXFileSystemSynchronizedGroupBuildPhaseMembershipExceptionSet section */
		428192AE2F2ACF1B007933D8 /* Exceptions for "Movo" folder in "Compile Sources" phase from "Movo" target */ = {
			isa = PBXFileSystemSynchronizedGroupBuildPhaseMembershipExceptionSet;
			buildPhase = 429834252E3D700400FCD845 /* Sources */;
			membershipExceptions = (
				.swift,
			);
		};
/* End PBXFileSystemSynchronizedGroupBuildPhaseMembershipExceptionSet section */

/* Begin PBXFileSystemSynchronizedRootGroup section */
		4235039C2E9327DF00E01074 /* Movowidgets */ = {
			isa = PBXFileSystemSynchronizedRootGroup;
			exceptions = (
				423503B02E9327E100E01074 /* Exceptions for "Movowidgets" folder in "MovowidgetsExtension" target */,
			);
			path = Movowidgets;
			sourceTree = "<group>";
		};
		4298342B2E3D700400FCD845 /* Movo */ = {
			isa = PBXFileSystemSynchronizedRootGroup;
			exceptions = (
				4298AA6E2E440F8C00419E3D /* Exceptions for "Movo" folder in "Movo" target */,
				428192AE2F2ACF1B007933D8 /* Exceptions for "Movo" folder in "Compile Sources" phase from "Movo" target */,
				42CD20552EF4B8B700DA1094 /* Exceptions for "Movo" folder in "MovoTests" target */,
				42CD20562EF4B8B700DA1094 /* Exceptions for "Movo" folder in "MovoUITests" target */,
				42CD20572EF4B8B700DA1094 /* Exceptions for "Movo" folder in "MovoLiveActivityExtension" target */,
				42CD20582EF4B8B700DA1094 /* Exceptions for "Movo" folder in "MovowidgetsExtension" target */,
			);
			path = Movo;
			sourceTree = "<group>";
		};
		429834392E3D700600FCD845 /* MovoTests */ = {
			isa = PBXFileSystemSynchronizedRootGroup;
			path = MovoTests;
			sourceTree = "<group>";
		};
		429834432E3D700600FCD845 /* MovoUITests */ = {
			isa = PBXFileSystemSynchronizedRootGroup;
			path = MovoUITests;
			sourceTree = "<group>";
		};
		4298AA4C2E43BB0D00419E3D /* MovoLiveActivity */ = {
			isa = PBXFileSystemSynchronizedRootGroup;
			exceptions = (
				4298AA6A2E43BD1800419E3D /* Exceptions for "MovoLiveActivity" folder in "Movo" target */,
				4298AA6B2E43BD1800419E3D /* Exceptions for "MovoLiveActivity" folder in "MovoTests" target */,
				4298AA6C2E43BD1800419E3D /* Exceptions for "MovoLiveActivity" folder in "MovoUITests" target */,
				4298AA5D2E43BB1000419E3D /* Exceptions for "MovoLiveActivity" folder in "MovoLiveActivityExtension" target */,
			);
			path = MovoLiveActivity;
			sourceTree = "<group>";
		};
		42FB42AF2EFDF6A50002B0B2 /* MovoWatch Watch App */ = {
			isa = PBXFileSystemSynchronizedRootGroup;
			exceptions = (
				42776E6B2F04B82F00B0D960 /* Exceptions for "MovoWatch Watch App" folder in "MovoWatch Watch App" target */,
			);
			path = "MovoWatch Watch App";
			sourceTree = "<group>";
		};
/* End PBXFileSystemSynchronizedRootGroup section */

/* Begin PBXFrameworksBuildPhase section */
		423503962E9327DE00E01074 /* Frameworks */ = {
			isa = PBXFrameworksBuildPhase;
			buildActionMask = 2147483647;
			files = (
				4235039B2E9327DF00E01074 /* SwiftUI.framework in Frameworks */,
				4235039A2E9327DF00E01074 /* WidgetKit.framework in Frameworks */,
			);
			runOnlyForDeploymentPostprocessing = 0;
		};
		429834262E3D700400FCD845 /* Frameworks */ = {
			isa = PBXFrameworksBuildPhase;
			buildActionMask = 2147483647;
			files = (
				4244B9272EAACB2E00F087FC /* GoogleSignInSwift in Frameworks */,
				424BBC132E42524200E9DE69 /* FirebaseDatabase in Frameworks */,
				4244B9252EAACB2E00F087FC /* GoogleSignIn in Frameworks */,
				42E6FB192E8C467D0079E384 /* DotLottie in Frameworks */,
				42E9ECFA2F300E9500959C4A /* RevenueCat in Frameworks */,
				424BBC0F2E42524200E9DE69 /* FirebaseAnalytics in Frameworks */,
				42C2D03E2E981854002DCFEB /* FirebaseFirestoreCombine-Community in Frameworks */,
				42438DA12E9B005A002F6906 /* FirebaseStorage in Frameworks */,
				42E4D5FE2F350FA600B1A71D /* FirebaseMessaging in Frameworks */,
				42E9ECFC2F300E9500959C4A /* RevenueCatUI in Frameworks */,
				42CD1BAD2EF3524700DA1094 /* StoreKit.framework in Frameworks */,
				42C2CE522E97FCA8002DCFEB /* FirebaseFirestore in Frameworks */,
				424BBC112E42524200E9DE69 /* FirebaseAuth in Frameworks */,
				42F0A0012F45AA0100C0D3C1 /* PostHog in Frameworks */,
			);
			runOnlyForDeploymentPostprocessing = 0;
		};
		429834332E3D700600FCD845 /* Frameworks */ = {
			isa = PBXFrameworksBuildPhase;
			buildActionMask = 2147483647;
			files = (
			);
			runOnlyForDeploymentPostprocessing = 0;
		};
		4298343D2E3D700600FCD845 /* Frameworks */ = {
			isa = PBXFrameworksBuildPhase;
			buildActionMask = 2147483647;
			files = (
			);
			runOnlyForDeploymentPostprocessing = 0;
		};
		4298AA462E43BB0D00419E3D /* Frameworks */ = {
			isa = PBXFrameworksBuildPhase;
			buildActionMask = 2147483647;
			files = (
				4298AA4B2E43BB0D00419E3D /* SwiftUI.framework in Frameworks */,
				4298AA4A2E43BB0D00419E3D /* WidgetKit.framework in Frameworks */,
			);
			runOnlyForDeploymentPostprocessing = 0;
		};
		42FB42AB2EFDF6A50002B0B2 /* Frameworks */ = {
			isa = PBXFrameworksBuildPhase;
			buildActionMask = 2147483647;
			files = (
			);
			runOnlyForDeploymentPostprocessing = 0;
		};
/* End PBXFrameworksBuildPhase section */

/* Begin PBXGroup section */
		424BBC0D2E42524200E9DE69 /* Frameworks */ = {
			isa = PBXGroup;
			children = (
				42CD1BAC2EF3524700DA1094 /* StoreKit.framework */,
				4298A9EF2E43B72D00419E3D /* WidgetKit.framework */,
				4298A9F12E43B72D00419E3D /* SwiftUI.framework */,
			);
			name = Frameworks;
			sourceTree = "<group>";
		};
		429834202E3D700400FCD845 = {
			isa = PBXGroup;
			children = (
				42579C0C2F0956DF0038CF04 /* HeatmapShared.swift */,
				423503B22E93293F00E01074 /* SharedStepsStore1.swift */,
				426091EE2EFE0CE5000EAFB9 /* ActiveWorkoutPayload.swift */,
				42438E982E9EF0E2002F6906 /* SharedUnitPrefs.swift */,
				423503B12E9328BA00E01074 /* MovowidgetsExtension.entitlements */,
				4298AAC22E44181500419E3D /* MovoLiveActivityExtension.entitlements */,
				4298342B2E3D700400FCD845 /* Movo */,
				429834392E3D700600FCD845 /* MovoTests */,
				429834432E3D700600FCD845 /* MovoUITests */,
				4298AA4C2E43BB0D00419E3D /* MovoLiveActivity */,
				4235039C2E9327DF00E01074 /* Movowidgets */,
				42FB42AF2EFDF6A50002B0B2 /* MovoWatch Watch App */,
				424BBC0D2E42524200E9DE69 /* Frameworks */,
				4298342A2E3D700400FCD845 /* Products */,
				428F81272F02DF300081CCAD /* DesignTokens.swift */,
				428F812B2F02DF340081CCAD /* View+AppElevatedCard.swift */,
				428F812F2F02DF350081CCAD /* Constants.swift */,
				428F81332F02DF360081CCAD /* ChallengeStore.swift */,
				42E392682FE883CC0066C34E /* Recovered References */,
			);
			sourceTree = "<group>";
		};
		4298342A2E3D700400FCD845 /* Products */ = {
			isa = PBXGroup;
			children = (
				429834292E3D700400FCD845 /* Movo.app */,
				429834362E3D700600FCD845 /* MovoTests.xctest */,
				429834402E3D700600FCD845 /* MovoUITests.xctest */,
				4298AA492E43BB0D00419E3D /* MovoLiveActivityExtension.appex */,
				423503992E9327DE00E01074 /* MovowidgetsExtension.appex */,
				42FB42AE2EFDF6A50002B0B2 /* MovoWatch Watch App.app */,
			);
			name = Products;
			sourceTree = "<group>";
		};
		42E392682FE883CC0066C34E /* Recovered References */ = {
			isa = PBXGroup;
			children = (
				4298344A2F56A00100C0D3C1 /* Movo/Config.xcconfig */,
			);
			name = "Recovered References";
			sourceTree = "<group>";
		};
/* End PBXGroup section */

/* Begin PBXNativeTarget section */
		423503982E9327DE00E01074 /* MovowidgetsExtension */ = {
			isa = PBXNativeTarget;
			buildConfigurationList = 423503AF2E9327E100E01074 /* Build configuration list for PBXNativeTarget "MovowidgetsExtension" */;
			buildPhases = (
				423503952E9327DE00E01074 /* Sources */,
				423503962E9327DE00E01074 /* Frameworks */,
				423503972E9327DE00E01074 /* Resources */,
			);
			buildRules = (
			);
			dependencies = (
			);
			fileSystemSynchronizedGroups = (
				4235039C2E9327DF00E01074 /* Movowidgets */,
			);
			name = MovowidgetsExtension;
			packageProductDependencies = (
			);
			productName = MovowidgetsExtension;
			productReference = 423503992E9327DE00E01074 /* MovowidgetsExtension.appex */;
			productType = "com.apple.product-type.app-extension";
		};
		429834282E3D700400FCD845 /* Movo */ = {
			isa = PBXNativeTarget;
			buildConfigurationList = 4298344A2E3D700600FCD845 /* Build configuration list for PBXNativeTarget "Movo" */;
			buildPhases = (
				429834252E3D700400FCD845 /* Sources */,
				429834262E3D700400FCD845 /* Frameworks */,
				429834272E3D700400FCD845 /* Resources */,
				4298AA082E43B72F00419E3D /* Embed Foundation Extensions */,
				42FB42B92EFDF6A70002B0B2 /* Embed Watch Content */,
			);
			buildRules = (
			);
			dependencies = (
				4298AA5B2E43BB1000419E3D /* PBXTargetDependency */,
				423503AB2E9327E100E01074 /* PBXTargetDependency */,
				42FB42B72EFDF6A70002B0B2 /* PBXTargetDependency */,
			);
			fileSystemSynchronizedGroups = (
				4298342B2E3D700400FCD845 /* Movo */,
			);
			name = Movo;
			packageProductDependencies = (
				424BBC0E2E42524200E9DE69 /* FirebaseAnalytics */,
				424BBC102E42524200E9DE69 /* FirebaseAuth */,
				424BBC122E42524200E9DE69 /* FirebaseDatabase */,
				42E6FB182E8C467D0079E384 /* DotLottie */,
				42C2CE512E97FCA8002DCFEB /* FirebaseFirestore */,
				42C2D03D2E981854002DCFEB /* FirebaseFirestoreCombine-Community */,
				42438DA02E9B005A002F6906 /* FirebaseStorage */,
				4244B9242EAACB2E00F087FC /* GoogleSignIn */,
				4244B9262EAACB2E00F087FC /* GoogleSignInSwift */,
				42E9ECF92F300E9500959C4A /* RevenueCat */,
				42E9ECFB2F300E9500959C4A /* RevenueCatUI */,
				42E4D5FD2F350FA600B1A71D /* FirebaseMessaging */,
				42F0A0002F45AA0100C0D3C1 /* PostHog */,
			);
			productName = Movo;
			productReference = 429834292E3D700400FCD845 /* Movo.app */;
			productType = "com.apple.product-type.application";
		};
		429834352E3D700600FCD845 /* MovoTests */ = {
			isa = PBXNativeTarget;
			buildConfigurationList = 4298344D2E3D700600FCD845 /* Build configuration list for PBXNativeTarget "MovoTests" */;
			buildPhases = (
				429834322E3D700600FCD845 /* Sources */,
				429834332E3D700600FCD845 /* Frameworks */,
				429834342E3D700600FCD845 /* Resources */,
			);
			buildRules = (
			);
			dependencies = (
				429834382E3D700600FCD845 /* PBXTargetDependency */,
			);
			fileSystemSynchronizedGroups = (
				429834392E3D700600FCD845 /* MovoTests */,
			);
			name = MovoTests;
			packageProductDependencies = (
			);
			productName = MovoTests;
			productReference = 429834362E3D700600FCD845 /* MovoTests.xctest */;
			productType = "com.apple.product-type.bundle.unit-test";
		};
		4298343F2E3D700600FCD845 /* MovoUITests */ = {
			isa = PBXNativeTarget;
			buildConfigurationList = 429834502E3D700600FCD845 /* Build configuration list for PBXNativeTarget "MovoUITests" */;
			buildPhases = (
				4298343C2E3D700600FCD845 /* Sources */,
				4298343D2E3D700600FCD845 /* Frameworks */,
				4298343E2E3D700600FCD845 /* Resources */,
			);
			buildRules = (
			);
			dependencies = (
				429834422E3D700600FCD845 /* PBXTargetDependency */,
			);
			fileSystemSynchronizedGroups = (
				429834432E3D700600FCD845 /* MovoUITests */,
			);
			name = MovoUITests;
			packageProductDependencies = (
			);
			productName = MovoUITests;
			productReference = 429834402E3D700600FCD845 /* MovoUITests.xctest */;
			productType = "com.apple.product-type.bundle.ui-testing";
		};
		4298AA482E43BB0D00419E3D /* MovoLiveActivityExtension */ = {
			isa = PBXNativeTarget;
			buildConfigurationList = 4298AA5E2E43BB1000419E3D /* Build configuration list for PBXNativeTarget "MovoLiveActivityExtension" */;
			buildPhases = (
				4298AA452E43BB0D00419E3D /* Sources */,
				4298AA462E43BB0D00419E3D /* Frameworks */,
				4298AA472E43BB0D00419E3D /* Resources */,
			);
			buildRules = (
			);
			dependencies = (
			);
			fileSystemSynchronizedGroups = (
				4298AA4C2E43BB0D00419E3D /* MovoLiveActivity */,
			);
			name = MovoLiveActivityExtension;
			packageProductDependencies = (
			);
			productName = MovoLiveActivityExtension;
			productReference = 4298AA492E43BB0D00419E3D /* MovoLiveActivityExtension.appex */;
			productType = "com.apple.product-type.app-extension";
		};
		42FB42AD2EFDF6A50002B0B2 /* MovoWatch Watch App */ = {
			isa = PBXNativeTarget;
			buildConfigurationList = 42FB42BC2EFDF6A70002B0B2 /* Build configuration list for PBXNativeTarget "MovoWatch Watch App" */;
			buildPhases = (
				42FB42AA2EFDF6A50002B0B2 /* Sources */,
				42FB42AB2EFDF6A50002B0B2 /* Frameworks */,
				42FB42AC2EFDF6A50002B0B2 /* Resources */,
			);
			buildRules = (
			);
			dependencies = (
			);
			fileSystemSynchronizedGroups = (
				42FB42AF2EFDF6A50002B0B2 /* MovoWatch Watch App */,
			);
			name = "MovoWatch Watch App";
			packageProductDependencies = (
			);
			productName = "MovoWatch Watch App";
			productReference = 42FB42AE2EFDF6A50002B0B2 /* MovoWatch Watch App.app */;
			productType = "com.apple.product-type.application";
		};
/* End PBXNativeTarget section */

/* Begin PBXProject section */
		429834212E3D700400FCD845 /* Project object */ = {
			isa = PBXProject;
			attributes = {
				BuildIndependentTargetsInParallel = 1;
				LastSwiftUpdateCheck = 2600;
				LastUpgradeCheck = 1630;
				TargetAttributes = {
					423503982E9327DE00E01074 = {
						CreatedOnToolsVersion = 16.3;
					};
					429834282E3D700400FCD845 = {
						CreatedOnToolsVersion = 16.3;
					};
					429834352E3D700600FCD845 = {
						CreatedOnToolsVersion = 16.3;
						TestTargetID = 429834282E3D700400FCD845;
					};
					4298343F2E3D700600FCD845 = {
						CreatedOnToolsVersion = 16.3;
						TestTargetID = 429834282E3D700400FCD845;
					};
					4298AA482E43BB0D00419E3D = {
						CreatedOnToolsVersion = 16.3;
					};
					42FB42AD2EFDF6A50002B0B2 = {
						CreatedOnToolsVersion = 26.0.1;
					};
				};
			};
			buildConfigurationList = 429834242E3D700400FCD845 /* Build configuration list for PBXProject "Movo" */;
			developmentRegion = en;
			hasScannedForEncodings = 0;
			knownRegions = (
				en,
				Base,
				de,
			);
			mainGroup = 429834202E3D700400FCD845;
			minimizedProjectReferenceProxies = 1;
			packageReferences = (
				424BBC0C2E42504F00E9DE69 /* XCRemoteSwiftPackageReference "firebase-ios-sdk" */,
				42DE084D2E8C4283007DEC35 /* XCRemoteSwiftPackageReference "lottie-ios" */,
				42E6FB172E8C467D0079E384 /* XCRemoteSwiftPackageReference "dotlottie-ios" */,
				4244B9232EAACB2E00F087FC /* XCRemoteSwiftPackageReference "GoogleSignIn-iOS" */,
				42E9ECF82F300E9500959C4A /* XCRemoteSwiftPackageReference "purchases-ios-spm" */,
				42F0A0022F45AA0100C0D3C1 /* XCRemoteSwiftPackageReference "posthog-ios" */,
			);
			preferredProjectObjectVersion = 77;
			productRefGroup = 4298342A2E3D700400FCD845 /* Products */;
			projectDirPath = "";
			projectRoot = "";
			targets = (
				429834282E3D700400FCD845 /* Movo */,
				429834352E3D700600FCD845 /* MovoTests */,
				4298343F2E3D700600FCD845 /* MovoUITests */,
				4298AA482E43BB0D00419E3D /* MovoLiveActivityExtension */,
				423503982E9327DE00E01074 /* MovowidgetsExtension */,
				42FB42AD2EFDF6A50002B0B2 /* MovoWatch Watch App */,
			);
		};
/* End PBXProject section */

/* Begin PBXResourcesBuildPhase section */
		423503972E9327DE00E01074 /* Resources */ = {
			isa = PBXResourcesBuildPhase;
			buildActionMask = 2147483647;
			files = (
			);
			runOnlyForDeploymentPostprocessing = 0;
		};
		429834272E3D700400FCD845 /* Resources */ = {
			isa = PBXResourcesBuildPhase;
			buildActionMask = 2147483647;
			files = (
			);
			runOnlyForDeploymentPostprocessing = 0;
		};
		429834342E3D700600FCD845 /* Resources */ = {
			isa = PBXResourcesBuildPhase;
			buildActionMask = 2147483647;
			files = (
			);
			runOnlyForDeploymentPostprocessing = 0;
		};
		4298343E2E3D700600FCD845 /* Resources */ = {
			isa = PBXResourcesBuildPhase;
			buildActionMask = 2147483647;
			files = (
			);
			runOnlyForDeploymentPostprocessing = 0;
		};
		4298AA472E43BB0D00419E3D /* Resources */ = {
			isa = PBXResourcesBuildPhase;
			buildActionMask = 2147483647;
			files = (
			);
			runOnlyForDeploymentPostprocessing = 0;
		};
		42FB42AC2EFDF6A50002B0B2 /* Resources */ = {
			isa = PBXResourcesBuildPhase;
			buildActionMask = 2147483647;
			files = (
			);
			runOnlyForDeploymentPostprocessing = 0;
		};
/* End PBXResourcesBuildPhase section */

/* Begin PBXSourcesBuildPhase section */
		423503952E9327DE00E01074 /* Sources */ = {
			isa = PBXSourcesBuildPhase;
			buildActionMask = 2147483647;
			files = (
				428F81342F02DF360081CCAD /* ChallengeStore.swift in Sources */,
				42579C122F095A650038CF04 /* HeatmapShared.swift in Sources */,
				428F812A2F02DF300081CCAD /* DesignTokens.swift in Sources */,
				428F81312F02DF350081CCAD /* Constants.swift in Sources */,
				428F812C2F02DF340081CCAD /* View+AppElevatedCard.swift in Sources */,
				42438E9A2E9EF0E2002F6906 /* SharedUnitPrefs.swift in Sources */,
				423504D22E9329CF00E01074 /* SharedStepsStore1.swift in Sources */,
			);
			runOnlyForDeploymentPostprocessing = 0;
		};
		429834252E3D700400FCD845 /* Sources */ = {
			isa = PBXSourcesBuildPhase;
			buildActionMask = 2147483647;
			files = (
				428F81292F02DF300081CCAD /* DesignTokens.swift in Sources */,
				428F812E2F02DF340081CCAD /* View+AppElevatedCard.swift in Sources */,
				428F81322F02DF350081CCAD /* Constants.swift in Sources */,
				428F81362F02DF360081CCAD /* ChallengeStore.swift in Sources */,
				42579C0D2F0956DF0038CF04 /* HeatmapShared.swift in Sources */,
				42438E992E9EF0E2002F6906 /* SharedUnitPrefs.swift in Sources */,
				423504D12E9329CF00E01074 /* SharedStepsStore1.swift in Sources */,
				426091EF2EFE0CE5000EAFB9 /* ActiveWorkoutPayload.swift in Sources */,
			);
			runOnlyForDeploymentPostprocessing = 0;
		};
		429834322E3D700600FCD845 /* Sources */ = {
			isa = PBXSourcesBuildPhase;
			buildActionMask = 2147483647;
			files = (
			);
			runOnlyForDeploymentPostprocessing = 0;
		};
		4298343C2E3D700600FCD845 /* Sources */ = {
			isa = PBXSourcesBuildPhase;
			buildActionMask = 2147483647;
			files = (
			);
			runOnlyForDeploymentPostprocessing = 0;
		};
		4298AA452E43BB0D00419E3D /* Sources */ = {
			isa = PBXSourcesBuildPhase;
			buildActionMask = 2147483647;
			files = (
				42438F932E9EF243002F6906 /* SharedUnitPrefs.swift in Sources */,
				428F81302F02DF350081CCAD /* Constants.swift in Sources */,
				428F81282F02DF300081CCAD /* DesignTokens.swift in Sources */,
				428F81352F02DF360081CCAD /* ChallengeStore.swift in Sources */,
				428F812D2F02DF340081CCAD /* View+AppElevatedCard.swift in Sources */,
			);
			runOnlyForDeploymentPostprocessing = 0;
		};
		42FB42AA2EFDF6A50002B0B2 /* Sources */ = {
			isa = PBXSourcesBuildPhase;
			buildActionMask = 2147483647;
			files = (
				426093262EFE0FE9000EAFB9 /* ActiveWorkoutPayload.swift in Sources */,
			);
			runOnlyForDeploymentPostprocessing = 0;
		};
/* End PBXSourcesBuildPhase section */

/* Begin PBXTargetDependency section */
		423503AB2E9327E100E01074 /* PBXTargetDependency */ = {
			isa = PBXTargetDependency;
			target = 423503982E9327DE00E01074 /* MovowidgetsExtension */;
			targetProxy = 423503AA2E9327E100E01074 /* PBXContainerItemProxy */;
		};
		429834382E3D700600FCD845 /* PBXTargetDependency */ = {
			isa = PBXTargetDependency;
			target = 429834282E3D700400FCD845 /* Movo */;
			targetProxy = 429834372E3D700600FCD845 /* PBXContainerItemProxy */;
		};
		429834422E3D700600FCD845 /* PBXTargetDependency */ = {
			isa = PBXTargetDependency;
			target = 429834282E3D700400FCD845 /* Movo */;
			targetProxy = 429834412E3D700600FCD845 /* PBXContainerItemProxy */;
		};
		4298AA5B2E43BB1000419E3D /* PBXTargetDependency */ = {
			isa = PBXTargetDependency;
			target = 4298AA482E43BB0D00419E3D /* MovoLiveActivityExtension */;
			targetProxy = 4298AA5A2E43BB1000419E3D /* PBXContainerItemProxy */;
		};
		42FB42B72EFDF6A70002B0B2 /* PBXTargetDependency */ = {
			isa = PBXTargetDependency;
			target = 42FB42AD2EFDF6A50002B0B2 /* MovoWatch Watch App */;
			targetProxy = 42FB42B62EFDF6A70002B0B2 /* PBXContainerItemProxy */;
		};
/* End PBXTargetDependency section */

/* Begin XCBuildConfiguration section */
		423503AD2E9327E100E01074 /* Debug */ = {
			isa = XCBuildConfiguration;
			buildSettings = {
				ASSETCATALOG_COMPILER_GLOBAL_ACCENT_COLOR_NAME = AccentColor;
				ASSETCATALOG_COMPILER_WIDGET_BACKGROUND_COLOR_NAME = WidgetBackground;
				CODE_SIGN_ENTITLEMENTS = MovowidgetsExtension.entitlements;
				CODE_SIGN_IDENTITY = "Apple Development";
				CODE_SIGN_STYLE = Automatic;
				CURRENT_PROJECT_VERSION = 1;
				DEVELOPMENT_TEAM = 99Q58AXFLW;
				GENERATE_INFOPLIST_FILE = YES;
				INFOPLIST_FILE = Movowidgets/Info.plist;
				INFOPLIST_KEY_CFBundleDisplayName = Movowidgets;
				INFOPLIST_KEY_NSHumanReadableCopyright = "";
				IPHONEOS_DEPLOYMENT_TARGET = 18.6;
				LD_RUNPATH_SEARCH_PATHS = (
					"$(inherited)",
					"@executable_path/Frameworks",
					"@executable_path/../../Frameworks",
				);
				MARKETING_VERSION = 2.6;
				PRODUCT_BUNDLE_IDENTIFIER = benepkt.Movo.widget;
				PRODUCT_NAME = "$(TARGET_NAME)";
				SKIP_INSTALL = YES;
				SUPPORTED_PLATFORMS = "iphoneos iphonesimulator";
				SUPPORTS_MACCATALYST = NO;
				SUPPORTS_MAC_DESIGNED_FOR_IPHONE_IPAD = NO;
				SUPPORTS_XR_DESIGNED_FOR_IPHONE_IPAD = NO;
				SWIFT_EMIT_LOC_STRINGS = YES;
				SWIFT_VERSION = 5.0;
				TARGETED_DEVICE_FAMILY = 1;
			};
			name = Debug;
		};
		423503AE2E9327E100E01074 /* Release */ = {
			isa = XCBuildConfiguration;
			buildSettings = {
				ASSETCATALOG_COMPILER_GLOBAL_ACCENT_COLOR_NAME = AccentColor;
				ASSETCATALOG_COMPILER_WIDGET_BACKGROUND_COLOR_NAME = WidgetBackground;
				CODE_SIGN_ENTITLEMENTS = MovowidgetsExtension.entitlements;
				CODE_SIGN_IDENTITY = "Apple Development";
				CODE_SIGN_STYLE = Automatic;
				CURRENT_PROJECT_VERSION = 1;
				DEVELOPMENT_TEAM = 99Q58AXFLW;
				GENERATE_INFOPLIST_FILE = YES;
				INFOPLIST_FILE = Movowidgets/Info.plist;
				INFOPLIST_KEY_CFBundleDisplayName = Movowidgets;
				INFOPLIST_KEY_NSHumanReadableCopyright = "";
				IPHONEOS_DEPLOYMENT_TARGET = 18.6;
				LD_RUNPATH_SEARCH_PATHS = (
					"$(inherited)",
					"@executable_path/Frameworks",
					"@executable_path/../../Frameworks",
				);
				MARKETING_VERSION = 2.6;
				PRODUCT_BUNDLE_IDENTIFIER = benepkt.Movo.widget;
				PRODUCT_NAME = "$(TARGET_NAME)";
				SKIP_INSTALL = YES;
				SUPPORTED_PLATFORMS = "iphoneos iphonesimulator";
				SUPPORTS_MACCATALYST = NO;
				SUPPORTS_MAC_DESIGNED_FOR_IPHONE_IPAD = NO;
				SUPPORTS_XR_DESIGNED_FOR_IPHONE_IPAD = NO;
				SWIFT_EMIT_LOC_STRINGS = YES;
				SWIFT_VERSION = 5.0;
				TARGETED_DEVICE_FAMILY = 1;
			};
			name = Release;
		};
		429834482E3D700600FCD845 /* Debug */ = {
			isa = XCBuildConfiguration;
			buildSettings = {
				ALWAYS_SEARCH_USER_PATHS = NO;
				ASSETCATALOG_COMPILER_GENERATE_SWIFT_ASSET_SYMBOL_EXTENSIONS = YES;
				CLANG_ANALYZER_NONNULL = YES;
				CLANG_ANALYZER_NUMBER_OBJECT_CONVERSION = YES_AGGRESSIVE;
				CLANG_CXX_LANGUAGE_STANDARD = "gnu++20";
				CLANG_ENABLE_MODULES = YES;
				CLANG_ENABLE_OBJC_ARC = YES;
				CLANG_ENABLE_OBJC_WEAK = YES;
				CLANG_WARN_BLOCK_CAPTURE_AUTORELEASING = YES;
				CLANG_WARN_BOOL_CONVERSION = YES;
				CLANG_WARN_COMMA = YES;
				CLANG_WARN_CONSTANT_CONVERSION = YES;
				CLANG_WARN_DEPRECATED_OBJC_IMPLEMENTATIONS = YES;
				CLANG_WARN_DIRECT_OBJC_ISA_USAGE = YES_ERROR;
				CLANG_WARN_DOCUMENTATION_COMMENTS = YES;
				CLANG_WARN_EMPTY_BODY = YES;
				CLANG_WARN_ENUM_CONVERSION = YES;
				CLANG_WARN_INFINITE_RECURSION = YES;
				CLANG_WARN_INT_CONVERSION = YES;
				CLANG_WARN_NON_LITERAL_NULL_CONVERSION = YES;
				CLANG_WARN_OBJC_IMPLICIT_RETAIN_SELF = YES;
				CLANG_WARN_OBJC_LITERAL_CONVERSION = YES;
				CLANG_WARN_OBJC_ROOT_CLASS = YES_ERROR;
				CLANG_WARN_QUOTED_INCLUDE_IN_FRAMEWORK_HEADER = YES;
				CLANG_WARN_RANGE_LOOP_ANALYSIS = YES;
				CLANG_WARN_STRICT_PROTOTYPES = YES;
				CLANG_WARN_SUSPICIOUS_MOVE = YES;
				CLANG_WARN_UNGUARDED_AVAILABILITY = YES_AGGRESSIVE;
				CLANG_WARN_UNREACHABLE_CODE = YES;
				CLANG_WARN__DUPLICATE_METHOD_MATCH = YES;
				COPY_PHASE_STRIP = NO;
				DEBUG_INFORMATION_FORMAT = dwarf;
				DEVELOPMENT_TEAM = 4WYBPZF5Z8;
				ENABLE_STRICT_OBJC_MSGSEND = YES;
				ENABLE_TESTABILITY = YES;
				ENABLE_USER_SCRIPT_SANDBOXING = YES;
				GCC_C_LANGUAGE_STANDARD = gnu17;
				GCC_DYNAMIC_NO_PIC = NO;
				GCC_NO_COMMON_BLOCKS = YES;
				GCC_OPTIMIZATION_LEVEL = 0;
				GCC_PREPROCESSOR_DEFINITIONS = (
					"DEBUG=1",
					"$(inherited)",
				);
				GCC_WARN_64_TO_32_BIT_CONVERSION = YES;
				GCC_WARN_ABOUT_RETURN_TYPE = YES_ERROR;
				GCC_WARN_UNDECLARED_SELECTOR = YES;
				GCC_WARN_UNINITIALIZED_AUTOS = YES_AGGRESSIVE;
				GCC_WARN_UNUSED_FUNCTION = YES;
				GCC_WARN_UNUSED_VARIABLE = YES;
				IPHONEOS_DEPLOYMENT_TARGET = 18.4;
				LOCALIZATION_PREFERS_STRING_CATALOGS = YES;
				MTL_ENABLE_DEBUG_INFO = INCLUDE_SOURCE;
				MTL_FAST_MATH = YES;
				ONLY_ACTIVE_ARCH = YES;
				SDKROOT = iphoneos;
				SWIFT_ACTIVE_COMPILATION_CONDITIONS = "DEBUG $(inherited)";
				SWIFT_OPTIMIZATION_LEVEL = "-Onone";
			};
			name = Debug;
		};
		429834492E3D700600FCD845 /* Release */ = {
			isa = XCBuildConfiguration;
			buildSettings = {
				ALWAYS_SEARCH_USER_PATHS = NO;
				ASSETCATALOG_COMPILER_GENERATE_SWIFT_ASSET_SYMBOL_EXTENSIONS = YES;
				CLANG_ANALYZER_NONNULL = YES;
				CLANG_ANALYZER_NUMBER_OBJECT_CONVERSION = YES_AGGRESSIVE;
				CLANG_CXX_LANGUAGE_STANDARD = "gnu++20";
				CLANG_ENABLE_MODULES = YES;
				CLANG_ENABLE_OBJC_ARC = YES;
				CLANG_ENABLE_OBJC_WEAK = YES;
				CLANG_WARN_BLOCK_CAPTURE_AUTORELEASING = YES;
				CLANG_WARN_BOOL_CONVERSION = YES;
				CLANG_WARN_COMMA = YES;
				CLANG_WARN_CONSTANT_CONVERSION = YES;
				CLANG_WARN_DEPRECATED_OBJC_IMPLEMENTATIONS = YES;
				CLANG_WARN_DIRECT_OBJC_ISA_USAGE = YES_ERROR;
				CLANG_WARN_DOCUMENTATION_COMMENTS = YES;
				CLANG_WARN_EMPTY_BODY = YES;
				CLANG_WARN_ENUM_CONVERSION = YES;
				CLANG_WARN_INFINITE_RECURSION = YES;
				CLANG_WARN_INT_CONVERSION = YES;
				CLANG_WARN_NON_LITERAL_NULL_CONVERSION = YES;
				CLANG_WARN_OBJC_IMPLICIT_RETAIN_SELF = YES;
				CLANG_WARN_OBJC_LITERAL_CONVERSION = YES;
				CLANG_WARN_OBJC_ROOT_CLASS = YES_ERROR;
				CLANG_WARN_QUOTED_INCLUDE_IN_FRAMEWORK_HEADER = YES;
				CLANG_WARN_RANGE_LOOP_ANALYSIS = YES;
				CLANG_WARN_STRICT_PROTOTYPES = YES;
				CLANG_WARN_SUSPICIOUS_MOVE = YES;
				CLANG_WARN_UNGUARDED_AVAILABILITY = YES_AGGRESSIVE;
				CLANG_WARN_UNREACHABLE_CODE = YES;
				CLANG_WARN__DUPLICATE_METHOD_MATCH = YES;
				COPY_PHASE_STRIP = NO;
				DEBUG_INFORMATION_FORMAT = "dwarf-with-dsym";
				DEVELOPMENT_TEAM = 4WYBPZF5Z8;
				ENABLE_NS_ASSERTIONS = NO;
				ENABLE_STRICT_OBJC_MSGSEND = YES;
				ENABLE_USER_SCRIPT_SANDBOXING = YES;
				GCC_C_LANGUAGE_STANDARD = gnu17;
				GCC_NO_COMMON_BLOCKS = YES;
				GCC_WARN_64_TO_32_BIT_CONVERSION = YES;
				GCC_WARN_ABOUT_RETURN_TYPE = YES_ERROR;
				GCC_WARN_UNDECLARED_SELECTOR = YES;
				GCC_WARN_UNINITIALIZED_AUTOS = YES_AGGRESSIVE;
				GCC_WARN_UNUSED_FUNCTION = YES;
				GCC_WARN_UNUSED_VARIABLE = YES;
				IPHONEOS_DEPLOYMENT_TARGET = 18.4;
				LOCALIZATION_PREFERS_STRING_CATALOGS = YES;
				MTL_ENABLE_DEBUG_INFO = NO;
				MTL_FAST_MATH = YES;
				SDKROOT = iphoneos;
				SWIFT_COMPILATION_MODE = wholemodule;
				VALIDATE_PRODUCT = YES;
			};
			name = Release;
		};
		4298344B2E3D700600FCD845 /* Debug */ = {
			isa = XCBuildConfiguration;
			baseConfigurationReference = 4298344A2F56A00100C0D3C1 /* Movo/Config.xcconfig */;
			buildSettings = {
				ASSETCATALOG_COMPILER_APPICON_NAME = AppIcon;
				ASSETCATALOG_COMPILER_GLOBAL_ACCENT_COLOR_NAME = AccentColor;
				CODE_SIGN_ENTITLEMENTS = Movo/Movo.entitlements;
				CODE_SIGN_IDENTITY = "Apple Development";
				CODE_SIGN_STYLE = Automatic;
				CURRENT_PROJECT_VERSION = 1;
				DEVELOPMENT_TEAM = 99Q58AXFLW;
				ENABLE_PREVIEWS = YES;
				GENERATE_INFOPLIST_FILE = YES;
				INFOPLIST_FILE = Movo/Info.plist;
				INFOPLIST_KEY_LSApplicationCategoryType = "public.app-category.healthcare-fitness";
				INFOPLIST_KEY_NSHealthShareUsageDescription = "Movo benötigt Zugriff auf deine Gesundheitsdaten, um deine Fitness-Fortschritte zu analysieren und dir personalisierte Einblicke zu geben.";
				INFOPLIST_KEY_NSHealthUpdateUsageDescription = "Movo benötigt Schreibzugriff, um deine manuell eingetragenen Messwerte (z.B. Gewicht) in Apple Health zu speichern.";
				INFOPLIST_KEY_NSLocationWhenInUseUsageDescription = "Dein Standort wird benötigt, um deine Joggingstrecke aufzuzeichnen.";
				INFOPLIST_KEY_NSSupportsLiveActivities = YES;
				INFOPLIST_KEY_UIApplicationSceneManifest_Generation = YES;
				INFOPLIST_KEY_UIApplicationSupportsIndirectInputEvents = YES;
				INFOPLIST_KEY_UILaunchScreen_Generation = YES;
				INFOPLIST_KEY_UISupportedInterfaceOrientations_iPad = "UIInterfaceOrientationPortrait UIInterfaceOrientationPortraitUpsideDown UIInterfaceOrientationLandscapeLeft UIInterfaceOrientationLandscapeRight";
				INFOPLIST_KEY_UISupportedInterfaceOrientations_iPhone = "UIInterfaceOrientationPortrait UIInterfaceOrientationLandscapeLeft UIInterfaceOrientationLandscapeRight";
				IPHONEOS_DEPLOYMENT_TARGET = 18.6;
				LD_RUNPATH_SEARCH_PATHS = (
					"$(inherited)",
					"@executable_path/Frameworks",
				);
				MARKETING_VERSION = 2.6;
				PRODUCT_BUNDLE_IDENTIFIER = benepkt.Movo;
				PRODUCT_NAME = "$(TARGET_NAME)";
				PROVISIONING_PROFILE_SPECIFIER = "";
				SUPPORTED_PLATFORMS = "iphoneos iphonesimulator";
				SUPPORTS_MACCATALYST = NO;
				SUPPORTS_MAC_DESIGNED_FOR_IPHONE_IPAD = NO;
				SUPPORTS_XR_DESIGNED_FOR_IPHONE_IPAD = NO;
				SWIFT_EMIT_LOC_STRINGS = YES;
				SWIFT_VERSION = 5.0;
				TARGETED_DEVICE_FAMILY = 1;
			};
			name = Debug;
		};
		4298344C2E3D700600FCD845 /* Release */ = {
			isa = XCBuildConfiguration;
			baseConfigurationReference = 4298344A2F56A00100C0D3C1 /* Movo/Config.xcconfig */;
			buildSettings = {
				ASSETCATALOG_COMPILER_APPICON_NAME = AppIcon;
				ASSETCATALOG_COMPILER_GLOBAL_ACCENT_COLOR_NAME = AccentColor;
				CODE_SIGN_ENTITLEMENTS = Movo/Movo.entitlements;
				CODE_SIGN_IDENTITY = "Apple Development";
				CODE_SIGN_STYLE = Automatic;
				CURRENT_PROJECT_VERSION = 1;
				DEVELOPMENT_TEAM = 99Q58AXFLW;
				ENABLE_PREVIEWS = YES;
				GENERATE_INFOPLIST_FILE = YES;
				INFOPLIST_FILE = Movo/Info.plist;
				INFOPLIST_KEY_LSApplicationCategoryType = "public.app-category.healthcare-fitness";
				INFOPLIST_KEY_NSHealthShareUsageDescription = "Movo benötigt Zugriff auf deine Gesundheitsdaten, um deine Fitness-Fortschritte zu analysieren und dir personalisierte Einblicke zu geben.";
				INFOPLIST_KEY_NSHealthUpdateUsageDescription = "Movo benötigt Schreibzugriff, um deine manuell eingetragenen Messwerte (z.B. Gewicht) in Apple Health zu speichern.";
				INFOPLIST_KEY_NSLocationWhenInUseUsageDescription = "Dein Standort wird benötigt, um deine Joggingstrecke aufzuzeichnen.";
				INFOPLIST_KEY_NSSupportsLiveActivities = YES;
				INFOPLIST_KEY_UIApplicationSceneManifest_Generation = YES;
				INFOPLIST_KEY_UIApplicationSupportsIndirectInputEvents = YES;
				INFOPLIST_KEY_UILaunchScreen_Generation = YES;
				INFOPLIST_KEY_UISupportedInterfaceOrientations_iPad = "UIInterfaceOrientationPortrait UIInterfaceOrientationPortraitUpsideDown UIInterfaceOrientationLandscapeLeft UIInterfaceOrientationLandscapeRight";
				INFOPLIST_KEY_UISupportedInterfaceOrientations_iPhone = "UIInterfaceOrientationPortrait UIInterfaceOrientationLandscapeLeft UIInterfaceOrientationLandscapeRight";
				IPHONEOS_DEPLOYMENT_TARGET = 18.6;
				LD_RUNPATH_SEARCH_PATHS = (
					"$(inherited)",
					"@executable_path/Frameworks",
				);
				MARKETING_VERSION = 2.6;
				PRODUCT_BUNDLE_IDENTIFIER = benepkt.Movo;
				PRODUCT_NAME = "$(TARGET_NAME)";
				PROVISIONING_PROFILE_SPECIFIER = "";
				SUPPORTED_PLATFORMS = "iphoneos iphonesimulator";
				SUPPORTS_MACCATALYST = NO;
				SUPPORTS_MAC_DESIGNED_FOR_IPHONE_IPAD = NO;
				SUPPORTS_XR_DESIGNED_FOR_IPHONE_IPAD = NO;
				SWIFT_EMIT_LOC_STRINGS = YES;
				SWIFT_VERSION = 5.0;
				TARGETED_DEVICE_FAMILY = 1;
			};
			name = Release;
		};
		4298344E2E3D700600FCD845 /* Debug */ = {
			isa = XCBuildConfiguration;
			buildSettings = {
				BUNDLE_LOADER = "$(TEST_HOST)";
				CODE_SIGN_STYLE = Automatic;
				CURRENT_PROJECT_VERSION = 1;
				DEVELOPMENT_TEAM = 99Q58AXFLW;
				GENERATE_INFOPLIST_FILE = YES;
				IPHONEOS_DEPLOYMENT_TARGET = 18.6;
				MARKETING_VERSION = 1.0;
				PRODUCT_BUNDLE_IDENTIFIER = benepkt.Movo;
				PRODUCT_NAME = "$(TARGET_NAME)";
				SUPPORTED_PLATFORMS = "iphoneos iphonesimulator";
				SUPPORTS_MACCATALYST = NO;
				SUPPORTS_MAC_DESIGNED_FOR_IPHONE_IPAD = NO;
				SUPPORTS_XR_DESIGNED_FOR_IPHONE_IPAD = NO;
				SWIFT_EMIT_LOC_STRINGS = NO;
				SWIFT_VERSION = 5.0;
				TARGETED_DEVICE_FAMILY = 1;
				TEST_HOST = "$(BUILT_PRODUCTS_DIR)/Movo.app/$(BUNDLE_EXECUTABLE_FOLDER_PATH)/Movo";
			};
			name = Debug;
		};
		4298344F2E3D700600FCD845 /* Release */ = {
			isa = XCBuildConfiguration;
			buildSettings = {
				BUNDLE_LOADER = "$(TEST_HOST)";
				CODE_SIGN_STYLE = Automatic;
				CURRENT_PROJECT_VERSION = 1;
				DEVELOPMENT_TEAM = 99Q58AXFLW;
				GENERATE_INFOPLIST_FILE = YES;
				IPHONEOS_DEPLOYMENT_TARGET = 18.6;
				MARKETING_VERSION = 1.0;
				PRODUCT_BUNDLE_IDENTIFIER = benepkt.Movo;
				PRODUCT_NAME = "$(TARGET_NAME)";
				SUPPORTED_PLATFORMS = "iphoneos iphonesimulator";
				SUPPORTS_MACCATALYST = NO;
				SUPPORTS_MAC_DESIGNED_FOR_IPHONE_IPAD = NO;
				SUPPORTS_XR_DESIGNED_FOR_IPHONE_IPAD = NO;
				SWIFT_EMIT_LOC_STRINGS = NO;
				SWIFT_VERSION = 5.0;
				TARGETED_DEVICE_FAMILY = 1;
				TEST_HOST = "$(BUILT_PRODUCTS_DIR)/Movo.app/$(BUNDLE_EXECUTABLE_FOLDER_PATH)/Movo";
			};
			name = Release;
		};
		429834512E3D700600FCD845 /* Debug */ = {
			isa = XCBuildConfiguration;
			buildSettings = {
				CODE_SIGN_STYLE = Automatic;
				CURRENT_PROJECT_VERSION = 1;
				DEVELOPMENT_TEAM = 99Q58AXFLW;
				GENERATE_INFOPLIST_FILE = YES;
				IPHONEOS_DEPLOYMENT_TARGET = 18.6;
				MARKETING_VERSION = 1.0;
				PRODUCT_BUNDLE_IDENTIFIER = benepkt.Movo;
				PRODUCT_NAME = "$(TARGET_NAME)";
				SUPPORTED_PLATFORMS = "iphoneos iphonesimulator";
				SUPPORTS_MACCATALYST = NO;
				SUPPORTS_MAC_DESIGNED_FOR_IPHONE_IPAD = NO;
				SUPPORTS_XR_DESIGNED_FOR_IPHONE_IPAD = NO;
				SWIFT_EMIT_LOC_STRINGS = NO;
				SWIFT_VERSION = 5.0;
				TARGETED_DEVICE_FAMILY = 1;
				TEST_TARGET_NAME = Movo;
			};
			name = Debug;
		};
		429834522E3D700600FCD845 /* Release */ = {
			isa = XCBuildConfiguration;
			buildSettings = {
				CODE_SIGN_STYLE = Automatic;
				CURRENT_PROJECT_VERSION = 1;
				DEVELOPMENT_TEAM = 99Q58AXFLW;
				GENERATE_INFOPLIST_FILE = YES;
				IPHONEOS_DEPLOYMENT_TARGET = 18.6;
				MARKETING_VERSION = 1.0;
				PRODUCT_BUNDLE_IDENTIFIER = benepkt.Movo;
				PRODUCT_NAME = "$(TARGET_NAME)";
				SUPPORTED_PLATFORMS = "iphoneos iphonesimulator";
				SUPPORTS_MACCATALYST = NO;
				SUPPORTS_MAC_DESIGNED_FOR_IPHONE_IPAD = NO;
				SUPPORTS_XR_DESIGNED_FOR_IPHONE_IPAD = NO;
				SWIFT_EMIT_LOC_STRINGS = NO;
				SWIFT_VERSION = 5.0;
				TARGETED_DEVICE_FAMILY = 1;
				TEST_TARGET_NAME = Movo;
			};
			name = Release;
		};
		4298AA5F2E43BB1000419E3D /* Debug */ = {
			isa = XCBuildConfiguration;
			buildSettings = {
				ASSETCATALOG_COMPILER_GLOBAL_ACCENT_COLOR_NAME = AccentColor;
				ASSETCATALOG_COMPILER_WIDGET_BACKGROUND_COLOR_NAME = WidgetBackground;
				CODE_SIGN_ENTITLEMENTS = MovoLiveActivityExtension.entitlements;
				CODE_SIGN_STYLE = Automatic;
				CURRENT_PROJECT_VERSION = 1;
				DEVELOPMENT_TEAM = 99Q58AXFLW;
				GENERATE_INFOPLIST_FILE = YES;
				INFOPLIST_FILE = MovoLiveActivity/Info.plist;
				INFOPLIST_KEY_CFBundleDisplayName = MovoLiveActivity;
				INFOPLIST_KEY_NSHumanReadableCopyright = "";
				IPHONEOS_DEPLOYMENT_TARGET = 18.6;
				LD_RUNPATH_SEARCH_PATHS = (
					"$(inherited)",
					"@executable_path/Frameworks",
					"@executable_path/../../Frameworks",
				);
				MARKETING_VERSION = 2.6;
				PRODUCT_BUNDLE_IDENTIFIER = benepkt.Movo.MovoLiveActivity;
				PRODUCT_NAME = "$(TARGET_NAME)";
				SKIP_INSTALL = YES;
				SUPPORTED_PLATFORMS = "iphoneos iphonesimulator";
				SUPPORTS_MACCATALYST = NO;
				SUPPORTS_MAC_DESIGNED_FOR_IPHONE_IPAD = NO;
				SUPPORTS_XR_DESIGNED_FOR_IPHONE_IPAD = NO;
				SWIFT_EMIT_LOC_STRINGS = YES;
				SWIFT_VERSION = 5.0;
				TARGETED_DEVICE_FAMILY = 1;
			};
			name = Debug;
		};
		4298AA602E43BB1000419E3D /* Release */ = {
			isa = XCBuildConfiguration;
			buildSettings = {
				ASSETCATALOG_COMPILER_GLOBAL_ACCENT_COLOR_NAME = AccentColor;
				ASSETCATALOG_COMPILER_WIDGET_BACKGROUND_COLOR_NAME = WidgetBackground;
				CODE_SIGN_ENTITLEMENTS = MovoLiveActivityExtension.entitlements;
				CODE_SIGN_STYLE = Automatic;
				CURRENT_PROJECT_VERSION = 1;
				DEVELOPMENT_TEAM = 99Q58AXFLW;
				GENERATE_INFOPLIST_FILE = YES;
				INFOPLIST_FILE = MovoLiveActivity/Info.plist;
				INFOPLIST_KEY_CFBundleDisplayName = MovoLiveActivity;
				INFOPLIST_KEY_NSHumanReadableCopyright = "";
				IPHONEOS_DEPLOYMENT_TARGET = 18.6;
				LD_RUNPATH_SEARCH_PATHS = (
					"$(inherited)",
					"@executable_path/Frameworks",
					"@executable_path/../../Frameworks",
				);
				MARKETING_VERSION = 2.6;
				PRODUCT_BUNDLE_IDENTIFIER = benepkt.Movo.MovoLiveActivity;
				PRODUCT_NAME = "$(TARGET_NAME)";
				SKIP_INSTALL = YES;
				SUPPORTED_PLATFORMS = "iphoneos iphonesimulator";
				SUPPORTS_MACCATALYST = NO;
				SUPPORTS_MAC_DESIGNED_FOR_IPHONE_IPAD = NO;
				SUPPORTS_XR_DESIGNED_FOR_IPHONE_IPAD = NO;
				SWIFT_EMIT_LOC_STRINGS = YES;
				SWIFT_VERSION = 5.0;
				TARGETED_DEVICE_FAMILY = 1;
			};
			name = Release;
		};
		42FB42BA2EFDF6A70002B0B2 /* Debug */ = {
			isa = XCBuildConfiguration;
			buildSettings = {
				ASSETCATALOG_COMPILER_APPICON_NAME = AppIcon;
				ASSETCATALOG_COMPILER_GLOBAL_ACCENT_COLOR_NAME = AccentColor;
				ASSETCATALOG_COMPILER_INCLUDE_ALL_APPICON_ASSETS = NO;
				CODE_SIGN_ENTITLEMENTS = "MovoWatch Watch App/MovoWatch Watch App.entitlements";
				CODE_SIGN_IDENTITY = "Apple Development";
				CODE_SIGN_STYLE = Automatic;
				CURRENT_PROJECT_VERSION = 1;
				DEVELOPMENT_TEAM = 99Q58AXFLW;
				ENABLE_PREVIEWS = YES;
				GENERATE_INFOPLIST_FILE = YES;
				INFOPLIST_EXPAND_BUILD_SETTINGS = YES;
				INFOPLIST_FILE = "MovoWatch Watch App/info.plist";
				INFOPLIST_KEY_CFBundleDisplayName = Movo;
				INFOPLIST_KEY_NSHealthShareUsageDescription = "Movo reads your step count, heart rate and workouts from Health to show goals, stats, and widgets.";
				INFOPLIST_KEY_NSHealthUpdateUsageDescription = "Movo can write workout data to Apple Health if you enable it.";
				INFOPLIST_KEY_WKCompanionAppBundleIdentifier = benepkt.Movo;
				LD_RUNPATH_SEARCH_PATHS = (
					"$(inherited)",
					"@executable_path/Frameworks",
				);
				MARKETING_VERSION = 2.6;
				PRODUCT_BUNDLE_IDENTIFIER = benepkt.Movo.watch;
				PRODUCT_NAME = "MovoWatch Watch App";
				SDKROOT = watchos;
				SKIP_INSTALL = YES;
				STRING_CATALOG_GENERATE_SYMBOLS = YES;
				SWIFT_APPROACHABLE_CONCURRENCY = YES;
				SWIFT_DEFAULT_ACTOR_ISOLATION = MainActor;
				SWIFT_EMIT_LOC_STRINGS = YES;
				SWIFT_UPCOMING_FEATURE_MEMBER_IMPORT_VISIBILITY = YES;
				SWIFT_VERSION = 5.0;
				WATCHOS_DEPLOYMENT_TARGET = 11.6;
			};
			name = Debug;
		};
		42FB42BB2EFDF6A70002B0B2 /* Release */ = {
			isa = XCBuildConfiguration;
			buildSettings = {
				ASSETCATALOG_COMPILER_APPICON_NAME = AppIcon;
				ASSETCATALOG_COMPILER_GLOBAL_ACCENT_COLOR_NAME = AccentColor;
				ASSETCATALOG_COMPILER_INCLUDE_ALL_APPICON_ASSETS = NO;
				CODE_SIGN_ENTITLEMENTS = "MovoWatch Watch App/MovoWatch Watch App.entitlements";
				CODE_SIGN_IDENTITY = "Apple Development";
				CODE_SIGN_STYLE = Automatic;
				CURRENT_PROJECT_VERSION = 1;
				DEVELOPMENT_TEAM = 99Q58AXFLW;
				ENABLE_PREVIEWS = YES;
				GENERATE_INFOPLIST_FILE = YES;
				INFOPLIST_EXPAND_BUILD_SETTINGS = YES;
				INFOPLIST_FILE = "MovoWatch Watch App/info.plist";
				INFOPLIST_KEY_CFBundleDisplayName = Movo;
				INFOPLIST_KEY_NSHealthShareUsageDescription = "Movo reads your step count, heart rate and workouts from Health to show goals, stats, and widgets.";
				INFOPLIST_KEY_NSHealthUpdateUsageDescription = "Movo can write workout data to Apple Health if you enable it.";
				INFOPLIST_KEY_WKCompanionAppBundleIdentifier = benepkt.Movo;
				LD_RUNPATH_SEARCH_PATHS = (
					"$(inherited)",
					"@executable_path/Frameworks",
				);
				MARKETING_VERSION = 2.6;
				PRODUCT_BUNDLE_IDENTIFIER = benepkt.Movo.watch;
				PRODUCT_NAME = "MovoWatch Watch App";
				SDKROOT = watchos;
				SKIP_INSTALL = YES;
				STRING_CATALOG_GENERATE_SYMBOLS = YES;
				SWIFT_APPROACHABLE_CONCURRENCY = YES;
				SWIFT_DEFAULT_ACTOR_ISOLATION = MainActor;
				SWIFT_EMIT_LOC_STRINGS = YES;
				SWIFT_UPCOMING_FEATURE_MEMBER_IMPORT_VISIBILITY = YES;
				SWIFT_VERSION = 5.0;
				WATCHOS_DEPLOYMENT_TARGET = 11.6;
			};
			name = Release;
		};
/* End XCBuildConfiguration section */

/* Begin XCConfigurationList section */
		423503AF2E9327E100E01074 /* Build configuration list for PBXNativeTarget "MovowidgetsExtension" */ = {
			isa = XCConfigurationList;
			buildConfigurations = (
				423503AD2E9327E100E01074 /* Debug */,
				423503AE2E9327E100E01074 /* Release */,
			);
			defaultConfigurationIsVisible = 0;
			defaultConfigurationName = Release;
		};
		429834242E3D700400FCD845 /* Build configuration list for PBXProject "Movo" */ = {
			isa = XCConfigurationList;
			buildConfigurations = (
				429834482E3D700600FCD845 /* Debug */,
				429834492E3D700600FCD845 /* Release */,
			);
			defaultConfigurationIsVisible = 0;
			defaultConfigurationName = Release;
		};
		4298344A2E3D700600FCD845 /* Build configuration list for PBXNativeTarget "Movo" */ = {
			isa = XCConfigurationList;
			buildConfigurations = (
				4298344B2E3D700600FCD845 /* Debug */,
				4298344C2E3D700600FCD845 /* Release */,
			);
			defaultConfigurationIsVisible = 0;
			defaultConfigurationName = Release;
		};
		4298344D2E3D700600FCD845 /* Build configuration list for PBXNativeTarget "MovoTests" */ = {
			isa = XCConfigurationList;
			buildConfigurations = (
				4298344E2E3D700600FCD845 /* Debug */,
				4298344F2E3D700600FCD845 /* Release */,
			);
			defaultConfigurationIsVisible = 0;
			defaultConfigurationName = Release;
		};
		429834502E3D700600FCD845 /* Build configuration list for PBXNativeTarget "MovoUITests" */ = {
			isa = XCConfigurationList;
			buildConfigurations = (
				429834512E3D700600FCD845 /* Debug */,
				429834522E3D700600FCD845 /* Release */,
			);
			defaultConfigurationIsVisible = 0;
			defaultConfigurationName = Release;
		};
		4298AA5E2E43BB1000419E3D /* Build configuration list for PBXNativeTarget "MovoLiveActivityExtension" */ = {
			isa = XCConfigurationList;
			buildConfigurations = (
				4298AA5F2E43BB1000419E3D /* Debug */,
				4298AA602E43BB1000419E3D /* Release */,
			);
			defaultConfigurationIsVisible = 0;
			defaultConfigurationName = Release;
		};
		42FB42BC2EFDF6A70002B0B2 /* Build configuration list for PBXNativeTarget "MovoWatch Watch App" */ = {
			isa = XCConfigurationList;
			buildConfigurations = (
				42FB42BA2EFDF6A70002B0B2 /* Debug */,
				42FB42BB2EFDF6A70002B0B2 /* Release */,
			);
			defaultConfigurationIsVisible = 0;
			defaultConfigurationName = Release;
		};
/* End XCConfigurationList section */

/* Begin XCRemoteSwiftPackageReference section */
		4244B9232EAACB2E00F087FC /* XCRemoteSwiftPackageReference "GoogleSignIn-iOS" */ = {
			isa = XCRemoteSwiftPackageReference;
			repositoryURL = "https://github.com/google/GoogleSignIn-iOS";
			requirement = {
				kind = upToNextMajorVersion;
				minimumVersion = 9.0.0;
			};
		};
		424BBC0C2E42504F00E9DE69 /* XCRemoteSwiftPackageReference "firebase-ios-sdk" */ = {
			isa = XCRemoteSwiftPackageReference;
			repositoryURL = "https://github.com/firebase/firebase-ios-sdk";
			requirement = {
				kind = upToNextMajorVersion;
				minimumVersion = 12.1.0;
			};
		};
		42DE084D2E8C4283007DEC35 /* XCRemoteSwiftPackageReference "lottie-ios" */ = {
			isa = XCRemoteSwiftPackageReference;
			repositoryURL = "https://github.com/airbnb/lottie-ios";
			requirement = {
				kind = upToNextMajorVersion;
				minimumVersion = 4.5.2;
			};
		};
		42E6FB172E8C467D0079E384 /* XCRemoteSwiftPackageReference "dotlottie-ios" */ = {
			isa = XCRemoteSwiftPackageReference;
			repositoryURL = "https://github.com/LottieFiles/dotlottie-ios";
			requirement = {
				branch = main;
				kind = branch;
			};
		};
		42E9ECF82F300E9500959C4A /* XCRemoteSwiftPackageReference "purchases-ios-spm" */ = {
			isa = XCRemoteSwiftPackageReference;
			repositoryURL = "https://github.com/RevenueCat/purchases-ios-spm";
			requirement = {
				kind = upToNextMajorVersion;
				minimumVersion = 5.56.1;
			};
		};
		42F0A0022F45AA0100C0D3C1 /* XCRemoteSwiftPackageReference "posthog-ios" */ = {
			isa = XCRemoteSwiftPackageReference;
			repositoryURL = "https://github.com/PostHog/posthog-ios.git";
			requirement = {
				kind = upToNextMajorVersion;
				minimumVersion = 3.56.0;
			};
		};
/* End XCRemoteSwiftPackageReference section */

/* Begin XCSwiftPackageProductDependency section */
		42438DA02E9B005A002F6906 /* FirebaseStorage */ = {
			isa = XCSwiftPackageProductDependency;
			package = 424BBC0C2E42504F00E9DE69 /* XCRemoteSwiftPackageReference "firebase-ios-sdk" */;
			productName = FirebaseStorage;
		};
		4244B9242EAACB2E00F087FC /* GoogleSignIn */ = {
			isa = XCSwiftPackageProductDependency;
			package = 4244B9232EAACB2E00F087FC /* XCRemoteSwiftPackageReference "GoogleSignIn-iOS" */;
			productName = GoogleSignIn;
		};
		4244B9262EAACB2E00F087FC /* GoogleSignInSwift */ = {
			isa = XCSwiftPackageProductDependency;
			package = 4244B9232EAACB2E00F087FC /* XCRemoteSwiftPackageReference "GoogleSignIn-iOS" */;
			productName = GoogleSignInSwift;
		};
		424BBC0E2E42524200E9DE69 /* FirebaseAnalytics */ = {
			isa = XCSwiftPackageProductDependency;
			package = 424BBC0C2E42504F00E9DE69 /* XCRemoteSwiftPackageReference "firebase-ios-sdk" */;
			productName = FirebaseAnalytics;
		};
		424BBC102E42524200E9DE69 /* FirebaseAuth */ = {
			isa = XCSwiftPackageProductDependency;
			package = 424BBC0C2E42504F00E9DE69 /* XCRemoteSwiftPackageReference "firebase-ios-sdk" */;
			productName = FirebaseAuth;
		};
		424BBC122E42524200E9DE69 /* FirebaseDatabase */ = {
			isa = XCSwiftPackageProductDependency;
			package = 424BBC0C2E42504F00E9DE69 /* XCRemoteSwiftPackageReference "firebase-ios-sdk" */;
			productName = FirebaseDatabase;
		};
		42C2CE512E97FCA8002DCFEB /* FirebaseFirestore */ = {
			isa = XCSwiftPackageProductDependency;
			package = 424BBC0C2E42504F00E9DE69 /* XCRemoteSwiftPackageReference "firebase-ios-sdk" */;
			productName = FirebaseFirestore;
		};
		42C2D03D2E981854002DCFEB /* FirebaseFirestoreCombine-Community */ = {
			isa = XCSwiftPackageProductDependency;
			package = 424BBC0C2E42504F00E9DE69 /* XCRemoteSwiftPackageReference "firebase-ios-sdk" */;
			productName = "FirebaseFirestoreCombine-Community";
		};
		42E4D5FD2F350FA600B1A71D /* FirebaseMessaging */ = {
			isa = XCSwiftPackageProductDependency;
			package = 424BBC0C2E42504F00E9DE69 /* XCRemoteSwiftPackageReference "firebase-ios-sdk" */;
			productName = FirebaseMessaging;
		};
		42E6FB182E8C467D0079E384 /* DotLottie */ = {
			isa = XCSwiftPackageProductDependency;
			package = 42E6FB172E8C467D0079E384 /* XCRemoteSwiftPackageReference "dotlottie-ios" */;
			productName = DotLottie;
		};
		42E9ECF92F300E9500959C4A /* RevenueCat */ = {
			isa = XCSwiftPackageProductDependency;
			package = 42E9ECF82F300E9500959C4A /* XCRemoteSwiftPackageReference "purchases-ios-spm" */;
			productName = RevenueCat;
		};
		42E9ECFB2F300E9500959C4A /* RevenueCatUI */ = {
			isa = XCSwiftPackageProductDependency;
			package = 42E9ECF82F300E9500959C4A /* XCRemoteSwiftPackageReference "purchases-ios-spm" */;
			productName = RevenueCatUI;
		};
		42F0A0002F45AA0100C0D3C1 /* PostHog */ = {
			isa = XCSwiftPackageProductDependency;
			package = 42F0A0022F45AA0100C0D3C1 /* XCRemoteSwiftPackageReference "posthog-ios" */;
			productName = PostHog;
		};
/* End XCSwiftPackageProductDependency section */
	};
	rootObject = 429834212E3D700400FCD845 /* Project object */;
}
